
Microsoft Visual Studio Solution File, Format Version 12.00
# Visual Studio Version 17
VisualStudioVersion = 17.4.33213.308
MinimumVisualStudioVersion = 10.0.40219.1
Project("{FAE04EC0-301F-11D3-BF4B-00C04F79EFBC}") = "DesignPatternsInRealLife", "DesignPatternsInRealLife\DesignPatternsInRealLife.csproj", "{C9833D61-8B34-4312-8044-DCD6A2B48209}"
EndProject
Global
	GlobalSection(SolutionConfigurationPlatforms) = preSolution
		Debug|Any CPU = Debug|Any CPU
		Release|Any CPU = Release|Any CPU
	EndGlobalSection
	GlobalSection(ProjectConfigurationPlatforms) = postSolution
		{C9833D61-8B34-4312-8044-DCD6A2B48209}.Debug|Any CPU.ActiveCfg = Debug|Any CPU
		{C9833D61-8B34-4312-8044-DCD6A2B48209}.Debug|Any CPU.Build.0 = Debug|Any CPU
		{C9833D61-8B34-4312-8044-DCD6A2B48209}.Release|Any CPU.ActiveCfg = Release|Any CPU
		{C9833D61-8B34-4312-8044-DCD6A2B48209}.Release|Any CPU.Build.0 = Release|Any CPU
	EndGlobalSection
	GlobalSection(SolutionProperties) = preSolution
		HideSolutionNode = FALSE
	EndGlobalSection
	GlobalSection(ExtensibilityGlobals) = postSolution
		SolutionGuid = {37F1CCC7-838F-462F-9548-A8F98007B497}
	EndGlobalSection
EndGlobal
